
Microsoft Visual Studio Solution File, Format Version 12.00
# Visual Studio Version 17
VisualStudioVersion = 17.2.32630.192
MinimumVisualStudioVersion = 10.0.40219.1
Project("{9A19103F-16F7-4668-BE54-9A1E7A4F7556}") = "Assignment_CRUD_Harel", "Assignment_CRUD_Harel\Assignment_CRUD_Harel.csproj", "{6735506C-0812-47A2-875F-EB4BD8CB3EE3}"
EndProject
Project("{9A19103F-16F7-4668-BE54-9A1E7A4F7556}") = "Repositories", "Repositories\Repositories.csproj", "{253694D9-A9F3-4FE7-8E57-F6B53E7536CB}"
EndProject
Project("{9A19103F-16F7-4668-BE54-9A1E7A4F7556}") = "Models", "Models\Models.csproj", "{0627B1D4-B17F-417B-87D5-6C8DE925C6E9}"
EndProject
Project("{9A19103F-16F7-4668-BE54-9A1E7A4F7556}") = "Services", "Services\Services.csproj", "{97F72A8D-546B-47EF-AE85-F25D136269B4}"
EndProject
Project("{FAE04EC0-301F-11D3-BF4B-00C04F79EFBC}") = "Common", "Common\Common.csproj", "{F93C1B17-293A-4981-956D-57FF931C1670}"
EndProject
Global
	GlobalSection(SolutionConfigurationPlatforms) = preSolution
		Debug|Any CPU = Debug|Any CPU
		Release|Any CPU = Release|Any CPU
	EndGlobalSection
	GlobalSection(ProjectConfigurationPlatforms) = postSolution
		{6735506C-0812-47A2-875F-EB4BD8CB3EE3}.Debug|Any CPU.ActiveCfg = Debug|Any CPU
		{6735506C-0812-47A2-875F-EB4BD8CB3EE3}.Debug|Any CPU.Build.0 = Debug|Any CPU
		{6735506C-0812-47A2-875F-EB4BD8CB3EE3}.Release|Any CPU.ActiveCfg = Release|Any CPU
		{6735506C-0812-47A2-875F-EB4BD8CB3EE3}.Release|Any CPU.Build.0 = Release|Any CPU
		{253694D9-A9F3-4FE7-8E57-F6B53E7536CB}.Debug|Any CPU.ActiveCfg = Debug|Any CPU
		{253694D9-A9F3-4FE7-8E57-F6B53E7536CB}.Debug|Any CPU.Build.0 = Debug|Any CPU
		{253694D9-A9F3-4FE7-8E57-F6B53E7536CB}.Release|Any CPU.ActiveCfg = Release|Any CPU
		{253694D9-A9F3-4FE7-8E57-F6B53E7536CB}.Release|Any CPU.Build.0 = Release|Any CPU
		{0627B1D4-B17F-417B-87D5-6C8DE925C6E9}.Debug|Any CPU.ActiveCfg = Debug|Any CPU
		{0627B1D4-B17F-417B-87D5-6C8DE925C6E9}.Debug|Any CPU.Build.0 = Debug|Any CPU
		{0627B1D4-B17F-417B-87D5-6C8DE925C6E9}.Release|Any CPU.ActiveCfg = Release|Any CPU
		{0627B1D4-B17F-417B-87D5-6C8DE925C6E9}.Release|Any CPU.Build.0 = Release|Any CPU
		{97F72A8D-546B-47EF-AE85-F25D136269B4}.Debug|Any CPU.ActiveCfg = Debug|Any CPU
		{97F72A8D-546B-47EF-AE85-F25D136269B4}.Debug|Any CPU.Build.0 = Debug|Any CPU
		{97F72A8D-546B-47EF-AE85-F25D136269B4}.Release|Any CPU.ActiveCfg = Release|Any CPU
		{97F72A8D-546B-47EF-AE85-F25D136269B4}.Release|Any CPU.Build.0 = Release|Any CPU
		{F93C1B17-293A-4981-956D-57FF931C1670}.Debug|Any CPU.ActiveCfg = Debug|Any CPU
		{F93C1B17-293A-4981-956D-57FF931C1670}.Debug|Any CPU.Build.0 = Debug|Any CPU
		{F93C1B17-293A-4981-956D-57FF931C1670}.Release|Any CPU.ActiveCfg = Release|Any CPU
		{F93C1B17-293A-4981-956D-57FF931C1670}.Release|Any CPU.Build.0 = Release|Any CPU
	EndGlobalSection
	GlobalSection(SolutionProperties) = preSolution
		HideSolutionNode = FALSE
	EndGlobalSection
	GlobalSection(ExtensibilityGlobals) = postSolution
		SolutionGuid = {E8439169-9C28-4E7F-8E95-EB5D20125B43}
	EndGlobalSection
EndGlobal
